
Microsoft Visual Studio Solution File, Format Version 12.00
# Visual Studio 15
VisualStudioVersion = 15.0.28307.1831
MinimumVisualStudioVersion = 10.0.40219.1
Project("{FAE04EC0-301F-11D3-BF4B-00C04F79EFBC}") = "Tic Tac Toe Game V2", "Tic Tac Toe Game V2\Tic Tac Toe Game V2.csproj", "{5EEF6B6C-8901-4096-B998-CE10E3B8AAA3}"
EndProject
Global
	GlobalSection(SolutionConfigurationPlatforms) = preSolution
		Debug|Any CPU = Debug|Any CPU
		Release|Any CPU = Release|Any CPU
	EndGlobalSection
	GlobalSection(ProjectConfigurationPlatforms) = postSolution
		{5EEF6B6C-8901-4096-B998-CE10E3B8AAA3}.Debug|Any CPU.ActiveCfg = Debug|Any CPU
		{5EEF6B6C-8901-4096-B998-CE10E3B8AAA3}.Debug|Any CPU.Build.0 = Debug|Any CPU
		{5EEF6B6C-8901-4096-B998-CE10E3B8AAA3}.Release|Any CPU.ActiveCfg = Release|Any CPU
		{5EEF6B6C-8901-4096-B998-CE10E3B8AAA3}.Release|Any CPU.Build.0 = Release|Any CPU
	EndGlobalSection
	GlobalSection(SolutionProperties) = preSolution
		HideSolutionNode = FALSE
	EndGlobalSection
	GlobalSection(ExtensibilityGlobals) = postSolution
		SolutionGuid = {E24CE11F-F605-494B-B56B-5E7EB7B58296}
	EndGlobalSection
EndGlobal
